
Microsoft Visual Studio Solution File, Format Version 12.00
# Visual Studio Version 17
VisualStudioVersion = 17.9.34723.18
MinimumVisualStudioVersion = 10.0.40219.1
Project("{FAE04EC0-301F-11D3-BF4B-00C04F79EFBC}") = "ilyasse gouria", "ilyasse gouria.csproj", "{CDD880FF-6746-4C08-9D52-3ED12E4E4E40}"
EndProject
Global
	GlobalSection(SolutionConfigurationPlatforms) = preSolution
		Debug|Any CPU = Debug|Any CPU
		Release|Any CPU = Release|Any CPU
	EndGlobalSection
	GlobalSection(ProjectConfigurationPlatforms) = postSolution
		{CDD880FF-6746-4C08-9D52-3ED12E4E4E40}.Debug|Any CPU.ActiveCfg = Debug|Any CPU
		{CDD880FF-6746-4C08-9D52-3ED12E4E4E40}.Debug|Any CPU.Build.0 = Debug|Any CPU
		{CDD880FF-6746-4C08-9D52-3ED12E4E4E40}.Release|Any CPU.ActiveCfg = Release|Any CPU
		{CDD880FF-6746-4C08-9D52-3ED12E4E4E40}.Release|Any CPU.Build.0 = Release|Any CPU
	EndGlobalSection
	GlobalSection(SolutionProperties) = preSolution
		HideSolutionNode = FALSE
	EndGlobalSection
	GlobalSection(ExtensibilityGlobals) = postSolution
		SolutionGuid = {44A05039-F7A1-4BB9-BF49-7DC6097FDFF4}
	EndGlobalSection
EndGlobal
